PODS:
  - Alamofire (5.0.0-rc.2)
  - GoogleMaps (3.5.0):
    - GoogleMaps/Maps (= 3.5.0)
  - GoogleMaps/Base (3.5.0)
  - GoogleMaps/Maps (3.5.0):
    - GoogleMaps/Base
  - GooglePlaces (3.5.0):
    - GoogleMaps/Base (= 3.5.0)
  - LGButton (1.1.4)
  - Pulley (2.7.0)
  - SwiftyJSON (4.3.0)

DEPENDENCIES:
  - Alamofire (~> 5.0.0-rc.2)
  - GoogleMaps
  - GooglePlaces
  - LGButton
  - Pulley
  - SwiftyJSON (~> 4.0)

SPEC REPOS:
  https://github.com/CocoaPods/Specs.git:
    - LGButton
  trunk:
    - Alamofire
    - GoogleMaps
    - GooglePlaces
    - Pulley
    - SwiftyJSON

SPEC CHECKSUMS:
  Alamofire: f9450d3c7f6bea2ad62e7a541c3e9b186c7991d6
  GoogleMaps: 32ca02de09de357a10ac773f2c70f1986751392d
  GooglePlaces: be6f19fe8aa6ff0b5bcccfa1b8805cc977ea1450
  LGButton: a2fab54642121da2bee2e5f16bfbb57a8c05c788
  Pulley: 028ddcc7d2dcbc078d71b61b7eee8e786d72c14a
  SwiftyJSON: 6faa0040f8b59dead0ee07436cbf76b73c08fd08

PODFILE CHECKSUM: fe5b8cae856adf3d89ad12452499f07326c42bf5

COCOAPODS: 1.8.4
